dependencies:
  espressif/cjson:
    component_hash: e788323270d90738662d66fffa910bfe1fba019bba087f01557e70c40485b469
    dependencies:
    - name: idf
      require: private
      version: '>=5.0'
    source:
      registry_url: https://components.espressif.com/
      type: service
    version: 1.7.19~2
  espressif/lan87xx:
    component_hash: e532dd62590996a64fe76c7906821c6b0816be2c8e31196284f4442027703243
    dependencies:
    - name: idf
      require: private
      version: '>=6.0'
    source:
      registry_url: https://components.espressif.com/
      type: service
    targets:
    - esp32
    - esp32p4
    version: 1.0.0
  idf:
    source:
      type: idf
    version: 6.0.2
direct_dependencies:
- espressif/cjson
- espressif/lan87xx
- idf
manifest_hash: f0123a3fc1969419be053d1f33de2f2c55e63b385783fb5511d71a51db0981d3
target: esp32
version: 3.0.0
